{
  "requires": true,
  "lockfileVersion": 1,
  "dependencies": {
    "ckeditor4": {
      "version": "4.17.1",
      "resolved": "https://registry.npmjs.org/ckeditor4/-/ckeditor4-4.17.1.tgz",
      "integrity": "sha512-VSTyro6tWd0B356SjJX8Zbix2Q85M/5h7469+vLb7DeNUP2vAimrPYoo29am2RRTTllyKxfLzVuTF8E9A1ssdA=="
    }
  }
}
